// !$*UTF8*$!
{
	archiveVersion = 1;
	classes = {
	};
	objectVersion = 50;
	objects = {

/* Begin PBXBuildFile section */
		04874142266E186D00D42DB9 /* AppDelegate.m in Sources */ = {isa = PBXBuildFile; fileRef = 04874141266E186D00D42DB9 /* AppDelegate.m */; };
		04874145266E186D00D42DB9 /* SceneDelegate.m in Sources */ = {isa = PBXBuildFile; fileRef = 04874144266E186D00D42DB9 /* SceneDelegate.m */; };
		04874148266E186D00D42DB9 /* ViewController.m in Sources */ = {isa = PBXBuildFile; fileRef = 04874147266E186D00D42DB9 /* ViewController.m */; };
		0487414B266E186D00D42DB9 /* Main.storyboard in Resources */ = {isa = PBXBuildFile; fileRef = 04874149266E186D00D42DB9 /* Main.storyboard */; };
		0487414D266E186E00D42DB9 /* Assets.xcassets in Resources */ = {isa = PBXBuildFile; fileRef = 0487414C266E186E00D42DB9 /* Assets.xcassets */; };
		04874150266E186E00D42DB9 /* LaunchScreen.storyboard in Resources */ = {isa = PBXBuildFile; fileRef = 0487414E266E186E00D42DB9 /* LaunchScreen.storyboard */; };
		04874153266E186E00D42DB9 /* main.m in Sources */ = {isa = PBXBuildFile; fileRef = 04874152266E186E00D42DB9 /* main.m */; };
		0487415D266E186E00D42DB9 /* GItDemoTests.m in Sources */ = {isa = PBXBuildFile; fileRef = 0487415C266E186E00D42DB9 /* GItDemoTests.m */; };
		04874168266E186E00D42DB9 /* GItDemoUITests.m in Sources */ = {isa = PBXBuildFile; fileRef = 04874167266E186E00D42DB9 /* GItDemoUITests.m */; };
/* End PBXBuildFile section */

/* Begin PBXContainerItemProxy section */
		04874159266E186E00D42DB9 /* PBXContainerItemProxy */ = {
			isa = PBXContainerItemProxy;
			containerPortal = 04874135266E186D00D42DB9 /* Project object */;
			proxyType = 1;
			remoteGlobalIDString = 0487413C266E186D00D42DB9;
			remoteInfo = GItDemo;
		};
		04874164266E186E00D42DB9 /* PBXContainerItemProxy */ = {
			isa = PBXContainerItemProxy;
			containerPortal = 04874135266E186D00D42DB9 /* Project object */;
			proxyType = 1;
			remoteGlobalIDString = 0487413C266E186D00D42DB9;
			remoteInfo = GItDemo;
		};
/* End PBXContainerItemProxy section */

/* Begin PBXFileReference section */
		0487413D266E186D00D42DB9 /* GItDemo.app */ = {isa = PBXFileReference; explicitFileType = wrapper.application; includeInIndex = 0; path = GItDemo.app; sourceTree = BUILT_PRODUCTS_DIR; };
		04874140266E186D00D42DB9 /* AppDelegate.h */ = {isa = PBXFileReference; lastKnownFileType = sourcecode.c.h; path = AppDelegate.h; sourceTree = "<group>"; };
		04874141266E186D00D42DB9 /* AppDelegate.m */ = {isa = PBXFileReference; lastKnownFileType = sourcecode.c.objc; path = AppDelegate.m; sourceTree = "<group>"; };
		04874143266E186D00D42DB9 /* SceneDelegate.h */ = {isa = PBXFileReference; lastKnownFileType = sourcecode.c.h; path = SceneDelegate.h; sourceTree = "<group>"; };
		04874144266E186D00D42DB9 /* SceneDelegate.m */ = {isa = PBXFileReference; lastKnownFileType = sourcecode.c.objc; path = SceneDelegate.m; sourceTree = "<group>"; };
		04874146266E186D00D42DB9 /* ViewController.h */ = {isa = PBXFileReference; lastKnownFileType = sourcecode.c.h; path = ViewController.h; sourceTree = "<group>"; };
		04874147266E186D00D42DB9 /* ViewController.m */ = {isa = PBXFileReference; lastKnownFileType = sourcecode.c.objc; path = ViewController.m; sourceTree = "<group>"; };
		0487414A266E186D00D42DB9 /* Base */ = {isa = PBXFileReference; lastKnownFileType = file.storyboard; name = Base; path = Base.lproj/Main.storyboard; sourceTree = "<group>"; };
		0487414C266E186E00D42DB9 /* Assets.xcassets */ = {isa = PBXFileReference; lastKnownFileType = folder.assetcatalog; path = Assets.xcassets; sourceTree = "<group>"; };
		0487414F266E186E00D42DB9 /* Base */ = {isa = PBXFileReference; lastKnownFileType = file.storyboard; name = Base; path = Base.lproj/LaunchScreen.storyboard; sourceTree = "<group>"; };
		04874151266E186E00D42DB9 /* Info.plist */ = {isa = PBXFileReference; lastKnownFileType = text.plist.xml; path = Info.plist; sourceTree = "<group>"; };
		04874152266E186E00D42DB9 /* main.m */ = {isa = PBXFileReference; lastKnownFileType = sourcecode.c.objc; path = main.m; sourceTree = "<group>"; };
		04874158266E186E00D42DB9 /* GItDemoTests.xctest */ = {isa = PBXFileReference; explicitFileType = wrapper.cfbundle; includeInIndex = 0; path = GItDemoTests.xctest; sourceTree = BUILT_PRODUCTS_DIR; };
		0487415C266E186E00D42DB9 /* GItDemoTests.m */ = {isa = PBXFileReference; lastKnownFileType = sourcecode.c.objc; path = GItDemoTests.m; sourceTree = "<group>"; };
		0487415E266E186E00D42DB9 /* Info.plist */ = {isa = PBXFileReference; lastKnownFileType = text.plist.xml; path = Info.plist; sourceTree = "<group>"; };
		04874163266E186E00D42DB9 /* GItDemoUITests.xctest */ = {isa = PBXFileReference; explicitFileType = wrapper.cfbundle; includeInIndex = 0; path = GItDemoUITests.xctest; sourceTree = BUILT_PRODUCTS_DIR; };
		04874167266E186E00D42DB9 /* GItDemoUITests.m */ = {isa = PBXFileReference; lastKnownFileType = sourcecode.c.objc; path = GItDemoUITests.m; sourceTree = "<group>"; };
		04874169266E186E00D42DB9 /* Info.plist */ = {isa = PBXFileReference; lastKnownFileType = text.plist.xml; path = Info.plist; sourceTree = "<group>"; };
/* End PBXFileReference section */

/* Begin PBXFrameworksBuildPhase section */
		0487413A266E186D00D42DB9 /* Frameworks */ = {
			isa = PBXFrameworksBuildPhase;
			buildActionMask = 2147483647;
			files = (
			);
			runOnlyForDeploymentPostprocessing = 0;
		};
		04874155266E186E00D42DB9 /* Frameworks */ = {
			isa = PBXFrameworksBuildPhase;
			buildActionMask = 2147483647;
			files = (
			);
			runOnlyForDeploymentPostprocessing = 0;
		};
		04874160266E186E00D42DB9 /* Frameworks */ = {
			isa = PBXFrameworksBuildPhase;
			buildActionMask = 2147483647;
			files = (
			);
			runOnlyForDeploymentPostprocessing = 0;
		};
/* End PBXFrameworksBuildPhase section */

/* Begin PBXGroup section */
		04874134266E186D00D42DB9 = {
			isa = PBXGroup;
			children = (
				0487413F266E186D00D42DB9 /* GItDemo */,
				0487415B266E186E00D42DB9 /* GItDemoTests */,
				04874166266E186E00D42DB9 /* GItDemoUITests */,
				0487413E266E186D00D42DB9 /* Products */,
			);
			sourceTree = "<group>";
		};
		0487413E266E186D00D42DB9 /* Products */ = {
			isa = PBXGroup;
			children = (
				0487413D266E186D00D42DB9 /* GItDemo.app */,
				04874158266E186E00D42DB9 /* GItDemoTests.xctest */,
				04874163266E186E00D42DB9 /* GItDemoUITests.xctest */,
			);
			name = Products;
			sourceTree = "<group>";
		};
		0487413F266E186D00D42DB9 /* GItDemo */ = {
			isa = PBXGroup;
			children = (
				04874140266E186D00D42DB9 /* AppDelegate.h */,
				04874141266E186D00D42DB9 /* AppDelegate.m */,
				04874143266E186D00D42DB9 /* SceneDelegate.h */,
				04874144266E186D00D42DB9 /* SceneDelegate.m */,
				04874146266E186D00D42DB9 /* ViewController.h */,
				04874147266E186D00D42DB9 /* ViewController.m */,
				04874149266E186D00D42DB9 /* Main.storyboard */,
				0487414C266E186E00D42DB9 /* Assets.xcassets */,
				0487414E266E186E00D42DB9 /* LaunchScreen.storyboard */,
				04874151266E186E00D42DB9 /* Info.plist */,
				04874152266E186E00D42DB9 /* main.m */,
			);
			path = GItDemo;
			sourceTree = "<group>";
		};
		0487415B266E186E00D42DB9 /* GItDemoTests */ = {
			isa = PBXGroup;
			children = (
				0487415C266E186E00D42DB9 /* GItDemoTests.m */,
				0487415E266E186E00D42DB9 /* Info.plist */,
			);
			path = GItDemoTests;
			sourceTree = "<group>";
		};
		04874166266E186E00D42DB9 /* GItDemoUITests */ = {
			isa = PBXGroup;
			children = (
				04874167266E186E00D42DB9 /* GItDemoUITests.m */,
				04874169266E186E00D42DB9 /* Info.plist */,
			);
			path = GItDemoUITests;
			sourceTree = "<group>";
		};
/* End PBXGroup section */

/* Begin PBXNativeTarget section */
		0487413C266E186D00D42DB9 /* GItDemo */ = {
			isa = PBXNativeTarget;
			buildConfigurationList = 0487416C266E186E00D42DB9 /* Build configuration list for PBXNativeTarget "GItDemo" */;
			buildPhases = (
				04874139266E186D00D42DB9 /* Sources */,
				0487413A266E186D00D42DB9 /* Frameworks */,
				0487413B266E186D00D42DB9 /* Resources */,
			);
			buildRules = (
			);
			dependencies = (
			);
			name = GItDemo;
			productName = GItDemo;
			productReference = 0487413D266E186D00D42DB9 /* GItDemo.app */;
			productType = "com.apple.product-type.application";
		};
		04874157266E186E00D42DB9 /* GItDemoTests */ = {
			isa = PBXNativeTarget;
			buildConfigurationList = 0487416F266E186E00D42DB9 /* Build configuration list for PBXNativeTarget "GItDemoTests" */;
			buildPhases = (
				04874154266E186E00D42DB9 /* Sources */,
				04874155266E186E00D42DB9 /* Frameworks */,
				04874156266E186E00D42DB9 /* Resources */,
			);
			buildRules = (
			);
			dependencies = (
				0487415A266E186E00D42DB9 /* PBXTargetDependency */,
			);
			name = GItDemoTests;
			productName = GItDemoTests;
			productReference = 04874158266E186E00D42DB9 /* GItDemoTests.xctest */;
			productType = "com.apple.product-type.bundle.unit-test";
		};
		04874162266E186E00D42DB9 /* GItDemoUITests */ = {
			isa = PBXNativeTarget;
			buildConfigurationList = 04874172266E186E00D42DB9 /* Build configuration list for PBXNativeTarget "GItDemoUITests" */;
			buildPhases = (
				0487415F266E186E00D42DB9 /* Sources */,
				04874160266E186E00D42DB9 /* Frameworks */,
				04874161266E186E00D42DB9 /* Resources */,
			);
			buildRules = (
			);
			dependencies = (
				04874165266E186E00D42DB9 /* PBXTargetDependency */,
			);
			name = GItDemoUITests;
			productName = GItDemoUITests;
			productReference = 04874163266E186E00D42DB9 /* GItDemoUITests.xctest */;
			productType = "com.apple.product-type.bundle.ui-testing";
		};
/* End PBXNativeTarget section */

/* Begin PBXProject section */
		04874135266E186D00D42DB9 /* Project object */ = {
			isa = PBXProject;
			attributes = {
				LastUpgradeCheck = 1230;
				TargetAttributes = {
					0487413C266E186D00D42DB9 = {
						CreatedOnToolsVersion = 12.3;
					};
					04874157266E186E00D42DB9 = {
						CreatedOnToolsVersion = 12.3;
						TestTargetID = 0487413C266E186D00D42DB9;
					};
					04874162266E186E00D42DB9 = {
						CreatedOnToolsVersion = 12.3;
						TestTargetID = 0487413C266E186D00D42DB9;
					};
				};
			};
			buildConfigurationList = 04874138266E186D00D42DB9 /* Build configuration list for PBXProject "GItDemo" */;
			compatibilityVersion = "Xcode 9.3";
			developmentRegion = en;
			hasScannedForEncodings = 0;
			knownRegions = (
				en,
				Base,
			);
			mainGroup = 04874134266E186D00D42DB9;
			productRefGroup = 0487413E266E186D00D42DB9 /* Products */;
			projectDirPath = "";
			projectRoot = "";
			targets = (
				0487413C266E186D00D42DB9 /* GItDemo */,
				04874157266E186E00D42DB9 /* GItDemoTests */,
				04874162266E186E00D42DB9 /* GItDemoUITests */,
			);
		};
/* End PBXProject section */

/* Begin PBXResourcesBuildPhase section */
		0487413B266E186D00D42DB9 /* Resources */ = {
			isa = PBXResourcesBuildPhase;
			buildActionMask = 2147483647;
			files = (
				04874150266E186E00D42DB9 /* LaunchScreen.storyboard in Resources */,
				0487414D266E186E00D42DB9 /* Assets.xcassets in Resources */,
				0487414B266E186D00D42DB9 /* Main.storyboard in Resources */,
			);
			runOnlyForDeploymentPostprocessing = 0;
		};
		04874156266E186E00D42DB9 /* Resources */ = {
			isa = PBXResourcesBuildPhase;
			buildActionMask = 2147483647;
			files = (
			);
			runOnlyForDeploymentPostprocessing = 0;
		};
		04874161266E186E00D42DB9 /* Resources */ = {
			isa = PBXResourcesBuildPhase;
			buildActionMask = 2147483647;
			files = (
			);
			runOnlyForDeploymentPostprocessing = 0;
		};
/* End PBXResourcesBuildPhase section */

/* Begin PBXSourcesBuildPhase section */
		04874139266E186D00D42DB9 /* Sources */ = {
			isa = PBXSourcesBuildPhase;
			buildActionMask = 2147483647;
			files = (
				04874148266E186D00D42DB9 /* ViewController.m in Sources */,
				04874142266E186D00D42DB9 /* AppDelegate.m in Sources */,
				04874153266E186E00D42DB9 /* main.m in Sources */,
				04874145266E186D00D42DB9 /* SceneDelegate.m in Sources */,
			);
			runOnlyForDeploymentPostprocessing = 0;
		};
		04874154266E186E00D42DB9 /* Sources */ = {
			isa = PBXSourcesBuildPhase;
			buildActionMask = 2147483647;
			files = (
				0487415D266E186E00D42DB9 /* GItDemoTests.m in Sources */,
			);
			runOnlyForDeploymentPostprocessing = 0;
		};
		0487415F266E186E00D42DB9 /* Sources */ = {
			isa = PBXSourcesBuildPhase;
			buildActionMask = 2147483647;
			files = (
				04874168266E186E00D42DB9 /* GItDemoUITests.m in Sources */,
			);
			runOnlyForDeploymentPostprocessing = 0;
		};
/* End PBXSourcesBuildPhase section */

/* Begin PBXTargetDependency section */
		0487415A266E186E00D42DB9 /* PBXTargetDependency */ = {
			isa = PBXTargetDependency;
			target = 0487413C266E186D00D42DB9 /* GItDemo */;
			targetProxy = 04874159266E186E00D42DB9 /* PBXContainerItemProxy */;
		};
		04874165266E186E00D42DB9 /* PBXTargetDependency */ = {
			isa = PBXTargetDependency;
			target = 0487413C266E186D00D42DB9 /* GItDemo */;
			targetProxy = 04874164266E186E00D42DB9 /* PBXContainerItemProxy */;
		};
/* End PBXTargetDependency section */

/* Begin PBXVariantGroup section */
		04874149266E186D00D42DB9 /* Main.storyboard */ = {
			isa = PBXVariantGroup;
			children = (
				0487414A266E186D00D42DB9 /* Base */,
			);
			name = Main.storyboard;
			sourceTree = "<group>";
		};
		0487414E266E186E00D42DB9 /* LaunchScreen.storyboard */ = {
			isa = PBXVariantGroup;
			children = (
				0487414F266E186E00D42DB9 /* Base */,
			);
			name = LaunchScreen.storyboard;
			sourceTree = "<group>";
		};
/* End PBXVariantGroup section */

/* Begin XCBuildConfiguration section */
		0487416A266E186E00D42DB9 /* Debug */ = {
			isa = XCBuildConfiguration;
			buildSettings = {
				ALWAYS_SEARCH_USER_PATHS = NO;
				CLANG_ANALYZER_NONNULL = YES;
				CLANG_ANALYZER_NUMBER_OBJECT_CONVERSION = YES_AGGRESSIVE;
				CLANG_CXX_LANGUAGE_STANDARD = "gnu++14";
				CLANG_CXX_LIBRARY = "libc++";
				CLANG_ENABLE_MODULES = YES;
				CLANG_ENABLE_OBJC_ARC = YES;
				CLANG_ENABLE_OBJC_WEAK = YES;
				CLANG_WARN_BLOCK_CAPTURE_AUTORELEASING = YES;
				CLANG_WARN_BOOL_CONVERSION = YES;
				CLANG_WARN_COMMA = YES;
				CLANG_WARN_CONSTANT_CONVERSION = YES;
				CLANG_WARN_DEPRECATED_OBJC_IMPLEMENTATIONS = YES;
				CLANG_WARN_DIRECT_OBJC_ISA_USAGE = YES_ERROR;
				CLANG_WARN_DOCUMENTATION_COMMENTS = YES;
				CLANG_WARN_EMPTY_BODY = YES;
				CLANG_WARN_ENUM_CONVERSION = YES;
				CLANG_WARN_INFINITE_RECURSION = YES;
				CLANG_WARN_INT_CONVERSION = YES;
				CLANG_WARN_NON_LITERAL_NULL_CONVERSION = YES;
				CLANG_WARN_OBJC_IMPLICIT_RETAIN_SELF = YES;
				CLANG_WARN_OBJC_LITERAL_CONVERSION = YES;
				CLANG_WARN_OBJC_ROOT_CLASS = YES_ERROR;
				CLANG_WARN_QUOTED_INCLUDE_IN_FRAMEWORK_HEADER = YES;
				CLANG_WARN_RANGE_LOOP_ANALYSIS = YES;
				CLANG_WARN_STRICT_PROTOTYPES = YES;
				CLANG_WARN_SUSPICIOUS_MOVE = YES;
				CLANG_WARN_UNGUARDED_AVAILABILITY = YES_AGGRESSIVE;
				CLANG_WARN_UNREACHABLE_CODE = YES;
				CLANG_WARN__DUPLICATE_METHOD_MATCH = YES;
				COPY_PHASE_STRIP = NO;
				DEBUG_INFORMATION_FORMAT = dwarf;
				ENABLE_STRICT_OBJC_MSGSEND = YES;
				ENABLE_TESTABILITY = YES;
				GCC_C_LANGUAGE_STANDARD = gnu11;
				GCC_DYNAMIC_NO_PIC = NO;
				GCC_NO_COMMON_BLOCKS = YES;
				GCC_OPTIMIZATION_LEVEL = 0;
				GCC_PREPROCESSOR_DEFINITIONS = (
					"DEBUG=1",
					"$(inherited)",
				);
				GCC_WARN_64_TO_32_BIT_CONVERSION = YES;
				GCC_WARN_ABOUT_RETURN_TYPE = YES_ERROR;
				GCC_WARN_UNDECLARED_SELECTOR = YES;
				GCC_WARN_UNINITIALIZED_AUTOS = YES_AGGRESSIVE;
				GCC_WARN_UNUSED_FUNCTION = YES;
				GCC_WARN_UNUSED_VARIABLE = YES;
				IPHONEOS_DEPLOYMENT_TARGET = 14.3;
				MTL_ENABLE_DEBUG_INFO = INCLUDE_SOURCE;
				MTL_FAST_MATH = YES;
				ONLY_ACTIVE_ARCH = YES;
				SDKROOT = iphoneos;
			};
			name = Debug;
		};
		0487416B266E186E00D42DB9 /* Release */ = {
			isa = XCBuildConfiguration;
			buildSettings = {
				ALWAYS_SEARCH_USER_PATHS = NO;
				CLANG_ANALYZER_NONNULL = YES;
				CLANG_ANALYZER_NUMBER_OBJECT_CONVERSION = YES_AGGRESSIVE;
				CLANG_CXX_LANGUAGE_STANDARD = "gnu++14";
				CLANG_CXX_LIBRARY = "libc++";
				CLANG_ENABLE_MODULES = YES;
				CLANG_ENABLE_OBJC_ARC = YES;
				CLANG_ENABLE_OBJC_WEAK = YES;
				CLANG_WARN_BLOCK_CAPTURE_AUTORELEASING = YES;
				CLANG_WARN_BOOL_CONVERSION = YES;
				CLANG_WARN_COMMA = YES;
				CLANG_WARN_CONSTANT_CONVERSION = YES;
				CLANG_WARN_DEPRECATED_OBJC_IMPLEMENTATIONS = YES;
				CLANG_WARN_DIRECT_OBJC_ISA_USAGE = YES_ERROR;
				CLANG_WARN_DOCUMENTATION_COMMENTS = YES;
				CLANG_WARN_EMPTY_BODY = YES;
				CLANG_WARN_ENUM_CONVERSION = YES;
				CLANG_WARN_INFINITE_RECURSION = YES;
				CLANG_WARN_INT_CONVERSION = YES;
				CLANG_WARN_NON_LITERAL_NULL_CONVERSION = YES;
				CLANG_WARN_OBJC_IMPLICIT_RETAIN_SELF = YES;
				CLANG_WARN_OBJC_LITERAL_CONVERSION = YES;
				CLANG_WARN_OBJC_ROOT_CLASS = YES_ERROR;
				CLANG_WARN_QUOTED_INCLUDE_IN_FRAMEWORK_HEADER = YES;
				CLANG_WARN_RANGE_LOOP_ANALYSIS = YES;
				CLANG_WARN_STRICT_PROTOTYPES = YES;
				CLANG_WARN_SUSPICIOUS_MOVE = YES;
				CLANG_WARN_UNGUARDED_AVAILABILITY = YES_AGGRESSIVE;
				CLANG_WARN_UNREACHABLE_CODE = YES;
				CLANG_WARN__DUPLICATE_METHOD_MATCH = YES;
				COPY_PHASE_STRIP = NO;
				DEBUG_INFORMATION_FORMAT = "dwarf-with-dsym";
				ENABLE_NS_ASSERTIONS = NO;
				ENABLE_STRICT_OBJC_MSGSEND = YES;
				GCC_C_LANGUAGE_STANDARD = gnu11;
				GCC_NO_COMMON_BLOCKS = YES;
				GCC_WARN_64_TO_32_BIT_CONVERSION = YES;
				GCC_WARN_ABOUT_RETURN_TYPE = YES_ERROR;
				GCC_WARN_UNDECLARED_SELECTOR = YES;
				GCC_WARN_UNINITIALIZED_AUTOS = YES_AGGRESSIVE;
				GCC_WARN_UNUSED_FUNCTION = YES;
				GCC_WARN_UNUSED_VARIABLE = YES;
				IPHONEOS_DEPLOYMENT_TARGET = 14.3;
				MTL_ENABLE_DEBUG_INFO = NO;
				MTL_FAST_MATH = YES;
				SDKROOT = iphoneos;
				VALIDATE_PRODUCT = YES;
			};
			name = Release;
		};
		0487416D266E186E00D42DB9 /* Debug */ = {
			isa = XCBuildConfiguration;
			buildSettings = {
				ASSETCATALOG_COMPILER_APPICON_NAME = AppIcon;
				ASSETCATALOG_COMPILER_GLOBAL_ACCENT_COLOR_NAME = AccentColor;
				CODE_SIGN_STYLE = Automatic;
				INFOPLIST_FILE = GItDemo/Info.plist;
				LD_RUNPATH_SEARCH_PATHS = (
					"$(inherited)",
					"@executable_path/Frameworks",
				);
				PRODUCT_BUNDLE_IDENTIFIER = com.ice.crash.GItDemo;
				PRODUCT_NAME = "$(TARGET_NAME)";
				TARGETED_DEVICE_FAMILY = "1,2";
			};
			name = Debug;
		};
		0487416E266E186E00D42DB9 /* Release */ = {
			isa = XCBuildConfiguration;
			buildSettings = {
				ASSETCATALOG_COMPILER_APPICON_NAME = AppIcon;
				ASSETCATALOG_COMPILER_GLOBAL_ACCENT_COLOR_NAME = AccentColor;
				CODE_SIGN_STYLE = Automatic;
				INFOPLIST_FILE = GItDemo/Info.plist;
				LD_RUNPATH_SEARCH_PATHS = (
					"$(inherited)",
					"@executable_path/Frameworks",
				);
				PRODUCT_BUNDLE_IDENTIFIER = com.ice.crash.GItDemo;
				PRODUCT_NAME = "$(TARGET_NAME)";
				TARGETED_DEVICE_FAMILY = "1,2";
			};
			name = Release;
		};
		04874170266E186E00D42DB9 /* Debug */ = {
			isa = XCBuildConfiguration;
			buildSettings = {
				BUNDLE_LOADER = "$(TEST_HOST)";
				CODE_SIGN_STYLE = Automatic;
				INFOPLIST_FILE = GItDemoTests/Info.plist;
				IPHONEOS_DEPLOYMENT_TARGET = 14.3;
				LD_RUNPATH_SEARCH_PATHS = (
					"$(inherited)",
					"@executable_path/Frameworks",
					"@loader_path/Frameworks",
				);
				PRODUCT_BUNDLE_IDENTIFIER = com.ice.crash.GItDemoTests;
				PRODUCT_NAME = "$(TARGET_NAME)";
				TARGETED_DEVICE_FAMILY = "1,2";
				TEST_HOST = "$(BUILT_PRODUCTS_DIR)/GItDemo.app/GItDemo";
			};
			name = Debug;
		};
		04874171266E186E00D42DB9 /* Release */ = {
			isa = XCBuildConfiguration;
			buildSettings = {
				BUNDLE_LOADER = "$(TEST_HOST)";
				CODE_SIGN_STYLE = Automatic;
				INFOPLIST_FILE = GItDemoTests/Info.plist;
				IPHONEOS_DEPLOYMENT_TARGET = 14.3;
				LD_RUNPATH_SEARCH_PATHS = (
					"$(inherited)",
					"@executable_path/Frameworks",
					"@loader_path/Frameworks",
				);
				PRODUCT_BUNDLE_IDENTIFIER = com.ice.crash.GItDemoTests;
				PRODUCT_NAME = "$(TARGET_NAME)";
				TARGETED_DEVICE_FAMILY = "1,2";
				TEST_HOST = "$(BUILT_PRODUCTS_DIR)/GItDemo.app/GItDemo";
			};
			name = Release;
		};
		04874173266E186E00D42DB9 /* Debug */ = {
			isa = XCBuildConfiguration;
			buildSettings = {
				CODE_SIGN_STYLE = Automatic;
				INFOPLIST_FILE = GItDemoUITests/Info.plist;
				LD_RUNPATH_SEARCH_PATHS = (
					"$(inherited)",
					"@executable_path/Frameworks",
					"@loader_path/Frameworks",
				);
				PRODUCT_BUNDLE_IDENTIFIER = com.ice.crash.GItDemoUITests;
				PRODUCT_NAME = "$(TARGET_NAME)";
				TARGETED_DEVICE_FAMILY = "1,2";
				TEST_TARGET_NAME = GItDemo;
			};
			name = Debug;
		};
		04874174266E186E00D42DB9 /* Release */ = {
			isa = XCBuildConfiguration;
			buildSettings = {
				CODE_SIGN_STYLE = Automatic;
				INFOPLIST_FILE = GItDemoUITests/Info.plist;
				LD_RUNPATH_SEARCH_PATHS = (
					"$(inherited)",
					"@executable_path/Frameworks",
					"@loader_path/Frameworks",
				);
				PRODUCT_BUNDLE_IDENTIFIER = com.ice.crash.GItDemoUITests;
				PRODUCT_NAME = "$(TARGET_NAME)";
				TARGETED_DEVICE_FAMILY = "1,2";
				TEST_TARGET_NAME = GItDemo;
			};
			name = Release;
		};
/* End XCBuildConfiguration section */

/* Begin XCConfigurationList section */
		04874138266E186D00D42DB9 /* Build configuration list for PBXProject "GItDemo" */ = {
			isa = XCConfigurationList;
			buildConfigurations = (
				0487416A266E186E00D42DB9 /* Debug */,
				0487416B266E186E00D42DB9 /* Release */,
			);
			defaultConfigurationIsVisible = 0;
			defaultConfigurationName = Release;
		};
		0487416C266E186E00D42DB9 /* Build configuration list for PBXNativeTarget "GItDemo" */ = {
			isa = XCConfigurationList;
			buildConfigurations = (
				0487416D266E186E00D42DB9 /* Debug */,
				0487416E266E186E00D42DB9 /* Release */,
			);
			defaultConfigurationIsVisible = 0;
			defaultConfigurationName = Release;
		};
		0487416F266E186E00D42DB9 /* Build configuration list for PBXNativeTarget "GItDemoTests" */ = {
			isa = XCConfigurationList;
			buildConfigurations = (
				04874170266E186E00D42DB9 /* Debug */,
				04874171266E186E00D42DB9 /* Release */,
			);
			defaultConfigurationIsVisible = 0;
			defaultConfigurationName = Release;
		};
		04874172266E186E00D42DB9 /* Build configuration list for PBXNativeTarget "GItDemoUITests" */ = {
			isa = XCConfigurationList;
			buildConfigurations = (
				04874173266E186E00D42DB9 /* Debug */,
				04874174266E186E00D42DB9 /* Release */,
			);
			defaultConfigurationIsVisible = 0;
			defaultConfigurationName = Release;
		};
/* End XCConfigurationList section */
	};
	rootObject = 04874135266E186D00D42DB9 /* Project object */;
}
